
Microsoft Visual Studio Solution File, Format Version 12.00
Project("{FAE04EC0-301F-11D3-BF4B-00C04F79EFBC}") = "OcelotApiGateway", "OcelotApiGateway\OcelotApiGateway.csproj", "{EAB782C3-6C7A-4FFA-A10E-5DD8E1507E56}"
EndProject
Project("{2150E333-8FDC-42A3-9474-1A3956D46DE8}") = "Microservices", "Microservices", "{DF5FD6AB-331D-4F7D-97BB-A3ADAEB7E032}"
EndProject
Project("{FAE04EC0-301F-11D3-BF4B-00C04F79EFBC}") = "ProductAPI", "Microservices\ProductAPI\ProductAPI.csproj", "{8C6A1024-7334-495A-B7F9-350D2E8797C9}"
EndProject
Project("{FAE04EC0-301F-11D3-BF4B-00C04F79EFBC}") = "UserAPI", "Microservices\UserAPI\UserAPI.csproj", "{1E87FAD2-945A-46E3-A0A4-5E0371CB15FE}"
EndProject
Global
	GlobalSection(SolutionConfigurationPlatforms) = preSolution
		Debug|Any CPU = Debug|Any CPU
		Release|Any CPU = Release|Any CPU
	EndGlobalSection
	GlobalSection(ProjectConfigurationPlatforms) = postSolution
		{EAB782C3-6C7A-4FFA-A10E-5DD8E1507E56}.Debug|Any CPU.ActiveCfg = Debug|Any CPU
		{EAB782C3-6C7A-4FFA-A10E-5DD8E1507E56}.Debug|Any CPU.Build.0 = Debug|Any CPU
		{EAB782C3-6C7A-4FFA-A10E-5DD8E1507E56}.Release|Any CPU.ActiveCfg = Release|Any CPU
		{EAB782C3-6C7A-4FFA-A10E-5DD8E1507E56}.Release|Any CPU.Build.0 = Release|Any CPU
		{8C6A1024-7334-495A-B7F9-350D2E8797C9}.Debug|Any CPU.ActiveCfg = Debug|Any CPU
		{8C6A1024-7334-495A-B7F9-350D2E8797C9}.Debug|Any CPU.Build.0 = Debug|Any CPU
		{8C6A1024-7334-495A-B7F9-350D2E8797C9}.Release|Any CPU.ActiveCfg = Release|Any CPU
		{8C6A1024-7334-495A-B7F9-350D2E8797C9}.Release|Any CPU.Build.0 = Release|Any CPU
		{1E87FAD2-945A-46E3-A0A4-5E0371CB15FE}.Debug|Any CPU.ActiveCfg = Debug|Any CPU
		{1E87FAD2-945A-46E3-A0A4-5E0371CB15FE}.Debug|Any CPU.Build.0 = Debug|Any CPU
		{1E87FAD2-945A-46E3-A0A4-5E0371CB15FE}.Release|Any CPU.ActiveCfg = Release|Any CPU
		{1E87FAD2-945A-46E3-A0A4-5E0371CB15FE}.Release|Any CPU.Build.0 = Release|Any CPU
	EndGlobalSection
	GlobalSection(NestedProjects) = preSolution
		{8C6A1024-7334-495A-B7F9-350D2E8797C9} = {DF5FD6AB-331D-4F7D-97BB-A3ADAEB7E032}
		{1E87FAD2-945A-46E3-A0A4-5E0371CB15FE} = {DF5FD6AB-331D-4F7D-97BB-A3ADAEB7E032}
	EndGlobalSection
EndGlobal
